// !$*UTF8*$!
{
	archiveVersion = 1;
	classes = {
	};
	objectVersion = 46;
	objects = {

/* Begin PBXBuildFile section */
		4655D4401F22C9BD0036DA2B /* AppDelegate.swift in Sources */ = {isa = PBXBuildFile; fileRef = 4655D43F1F22C9BD0036DA2B /* AppDelegate.swift */; };
		4655D4451F22C9BD0036DA2B /* Main.storyboard in Resources */ = {isa = PBXBuildFile; fileRef = 4655D4431F22C9BD0036DA2B /* Main.storyboard */; };
		4655D4481F22C9BD0036DA2B /* field_challenge.xcdatamodeld in Sources */ = {isa = PBXBuildFile; fileRef = 4655D4461F22C9BD0036DA2B /* field_challenge.xcdatamodeld */; };
		4655D44A1F22C9BD0036DA2B /* Assets.xcassets in Resources */ = {isa = PBXBuildFile; fileRef = 4655D4491F22C9BD0036DA2B /* Assets.xcassets */; };
		4655D44D1F22C9BD0036DA2B /* LaunchScreen.storyboard in Resources */ = {isa = PBXBuildFile; fileRef = 4655D44B1F22C9BD0036DA2B /* LaunchScreen.storyboard */; };
		4655D4581F22C9BD0036DA2B /* field_challengeTests.swift in Sources */ = {isa = PBXBuildFile; fileRef = 4655D4571F22C9BD0036DA2B /* field_challengeTests.swift */; };
		4655D4631F22C9BD0036DA2B /* field_challengeUITests.swift in Sources */ = {isa = PBXBuildFile; fileRef = 4655D4621F22C9BD0036DA2B /* field_challengeUITests.swift */; };
		4655D4711F22C9E00036DA2B /* fieldViewController.swift in Sources */ = {isa = PBXBuildFile; fileRef = 4655D4701F22C9E00036DA2B /* fieldViewController.swift */; };
		4655D4761F22CD220036DA2B /* field_observations.json in Resources */ = {isa = PBXBuildFile; fileRef = 4655D4751F22CD220036DA2B /* field_observations.json */; };
		4655D4781F22CE7A0036DA2B /* classification.swift in Sources */ = {isa = PBXBuildFile; fileRef = 4655D4771F22CE7A0036DA2B /* classification.swift */; };
		4655D47A1F22D1A50036DA2B /* title.swift in Sources */ = {isa = PBXBuildFile; fileRef = 4655D4791F22D1A50036DA2B /* title.swift */; };
		4655D47C1F22D6FC0036DA2B /* fieldParser.swift in Sources */ = {isa = PBXBuildFile; fileRef = 4655D47B1F22D6FC0036DA2B /* fieldParser.swift */; };
		4655D47E1F22DF320036DA2B /* loaderJSON.swift in Sources */ = {isa = PBXBuildFile; fileRef = 4655D47D1F22DF320036DA2B /* loaderJSON.swift */; };
		4655D4801F22E23F0036DA2B /* detailViewController.swift in Sources */ = {isa = PBXBuildFile; fileRef = 4655D47F1F22E23F0036DA2B /* detailViewController.swift */; };
/* End PBXBuildFile section */

/* Begin PBXContainerItemProxy section */
		4655D4541F22C9BD0036DA2B /* PBXContainerItemProxy */ = {
			isa = PBXContainerItemProxy;
			containerPortal = 4655D4341F22C9BD0036DA2B /* Project object */;
			proxyType = 1;
			remoteGlobalIDString = 4655D43B1F22C9BD0036DA2B;
			remoteInfo = "field challenge";
		};
		4655D45F1F22C9BD0036DA2B /* PBXContainerItemProxy */ = {
			isa = PBXContainerItemProxy;
			containerPortal = 4655D4341F22C9BD0036DA2B /* Project object */;
			proxyType = 1;
			remoteGlobalIDString = 4655D43B1F22C9BD0036DA2B;
			remoteInfo = "field challenge";
		};
/* End PBXContainerItemProxy section */

/* Begin PBXFileReference section */
		4655D43C1F22C9BD0036DA2B /* field challenge.app */ = {isa = PBXFileReference; explicitFileType = wrapper.application; includeInIndex = 0; path = "field challenge.app"; sourceTree = BUILT_PRODUCTS_DIR; };
		4655D43F1F22C9BD0036DA2B /* AppDelegate.swift */ = {isa = PBXFileReference; lastKnownFileType = sourcecode.swift; path = AppDelegate.swift; sourceTree = "<group>"; };
		4655D4441F22C9BD0036DA2B /* Base */ = {isa = PBXFileReference; lastKnownFileType = file.storyboard; name = Base; path = Base.lproj/Main.storyboard; sourceTree = "<group>"; };
		4655D4471F22C9BD0036DA2B /* field_challenge.xcdatamodel */ = {isa = PBXFileReference; lastKnownFileType = wrapper.xcdatamodel; path = field_challenge.xcdatamodel; sourceTree = "<group>"; };
		4655D4491F22C9BD0036DA2B /* Assets.xcassets */ = {isa = PBXFileReference; lastKnownFileType = folder.assetcatalog; path = Assets.xcassets; sourceTree = "<group>"; };
		4655D44C1F22C9BD0036DA2B /* Base */ = {isa = PBXFileReference; lastKnownFileType = file.storyboard; name = Base; path = Base.lproj/LaunchScreen.storyboard; sourceTree = "<group>"; };
		4655D44E1F22C9BD0036DA2B /* Info.plist */ = {isa = PBXFileReference; lastKnownFileType = text.plist.xml; path = Info.plist; sourceTree = "<group>"; };
		4655D4531F22C9BD0036DA2B /* field challengeTests.xctest */ = {isa = PBXFileReference; explicitFileType = wrapper.cfbundle; includeInIndex = 0; path = "field challengeTests.xctest"; sourceTree = BUILT_PRODUCTS_DIR; };
		4655D4571F22C9BD0036DA2B /* field_challengeTests.swift */ = {isa = PBXFileReference; lastKnownFileType = sourcecode.swift; path = field_challengeTests.swift; sourceTree = "<group>"; };
		4655D4591F22C9BD0036DA2B /* Info.plist */ = {isa = PBXFileReference; lastKnownFileType = text.plist.xml; path = Info.plist; sourceTree = "<group>"; };
		4655D45E1F22C9BD0036DA2B /* field challengeUITests.xctest */ = {isa = PBXFileReference; explicitFileType = wrapper.cfbundle; includeInIndex = 0; path = "field challengeUITests.xctest"; sourceTree = BUILT_PRODUCTS_DIR; };
		4655D4621F22C9BD0036DA2B /* field_challengeUITests.swift */ = {isa = PBXFileReference; lastKnownFileType = sourcecode.swift; path = field_challengeUITests.swift; sourceTree = "<group>"; };
		4655D4641F22C9BD0036DA2B /* Info.plist */ = {isa = PBXFileReference; lastKnownFileType = text.plist.xml; path = Info.plist; sourceTree = "<group>"; };
		4655D4701F22C9E00036DA2B /* fieldViewController.swift */ = {isa = PBXFileReference; fileEncoding = 4; lastKnownFileType = sourcecode.swift; path = fieldViewController.swift; sourceTree = "<group>"; };
		4655D4751F22CD220036DA2B /* field_observations.json */ = {isa = PBXFileReference; fileEncoding = 4; lastKnownFileType = text.json; path = field_observations.json; sourceTree = "<group>"; };
		4655D4771F22CE7A0036DA2B /* classification.swift */ = {isa = PBXFileReference; fileEncoding = 4; lastKnownFileType = sourcecode.swift; path = classification.swift; sourceTree = "<group>"; };
		4655D4791F22D1A50036DA2B /* title.swift */ = {isa = PBXFileReference; fileEncoding = 4; lastKnownFileType = sourcecode.swift; path = title.swift; sourceTree = "<group>"; };
		4655D47B1F22D6FC0036DA2B /* fieldParser.swift */ = {isa = PBXFileReference; fileEncoding = 4; lastKnownFileType = sourcecode.swift; path = fieldParser.swift; sourceTree = "<group>"; };
		4655D47D1F22DF320036DA2B /* loaderJSON.swift */ = {isa = PBXFileReference; fileEncoding = 4; lastKnownFileType = sourcecode.swift; path = loaderJSON.swift; sourceTree = "<group>"; };
		4655D47F1F22E23F0036DA2B /* detailViewController.swift */ = {isa = PBXFileReference; fileEncoding = 4; lastKnownFileType = sourcecode.swift; name = detailViewController.swift; path = Model/detailViewController.swift; sourceTree = "<group>"; };
/* End PBXFileReference section */

/* Begin PBXFrameworksBuildPhase section */
		4655D4391F22C9BD0036DA2B /* Frameworks */ = {
			isa = PBXFrameworksBuildPhase;
			buildActionMask = 2147483647;
			files = (
			);
			runOnlyForDeploymentPostprocessing = 0;
		};
		4655D4501F22C9BD0036DA2B /* Frameworks */ = {
			isa = PBXFrameworksBuildPhase;
			buildActionMask = 2147483647;
			files = (
			);
			runOnlyForDeploymentPostprocessing = 0;
		};
		4655D45B1F22C9BD0036DA2B /* Frameworks */ = {
			isa = PBXFrameworksBuildPhase;
			buildActionMask = 2147483647;
			files = (
			);
			runOnlyForDeploymentPostprocessing = 0;
		};
/* End PBXFrameworksBuildPhase section */

/* Begin PBXGroup section */
		4655D4331F22C9BD0036DA2B = {
			isa = PBXGroup;
			children = (
				4655D43E1F22C9BD0036DA2B /* field challenge */,
				4655D4561F22C9BD0036DA2B /* field challengeTests */,
				4655D4611F22C9BD0036DA2B /* field challengeUITests */,
				4655D43D1F22C9BD0036DA2B /* Products */,
			);
			sourceTree = "<group>";
		};
		4655D43D1F22C9BD0036DA2B /* Products */ = {
			isa = PBXGroup;
			children = (
				4655D43C1F22C9BD0036DA2B /* field challenge.app */,
				4655D4531F22C9BD0036DA2B /* field challengeTests.xctest */,
				4655D45E1F22C9BD0036DA2B /* field challengeUITests.xctest */,
			);
			name = Products;
			sourceTree = "<group>";
		};
		4655D43E1F22C9BD0036DA2B /* field challenge */ = {
			isa = PBXGroup;
			children = (
				4655D4721F22CC270036DA2B /* Model */,
				4655D43F1F22C9BD0036DA2B /* AppDelegate.swift */,
				4655D4431F22C9BD0036DA2B /* Main.storyboard */,
				4655D4491F22C9BD0036DA2B /* Assets.xcassets */,
				4655D44B1F22C9BD0036DA2B /* LaunchScreen.storyboard */,
				4655D44E1F22C9BD0036DA2B /* Info.plist */,
				4655D4461F22C9BD0036DA2B /* field_challenge.xcdatamodeld */,
				4655D47F1F22E23F0036DA2B /* detailViewController.swift */,
				4655D4701F22C9E00036DA2B /* fieldViewController.swift */,
			);
			path = "field challenge";
			sourceTree = "<group>";
		};
		4655D4561F22C9BD0036DA2B /* field challengeTests */ = {
			isa = PBXGroup;
			children = (
				4655D4571F22C9BD0036DA2B /* field_challengeTests.swift */,
				4655D4591F22C9BD0036DA2B /* Info.plist */,
			);
			path = "field challengeTests";
			sourceTree = "<group>";
		};
		4655D4611F22C9BD0036DA2B /* field challengeUITests */ = {
			isa = PBXGroup;
			children = (
				4655D4621F22C9BD0036DA2B /* field_challengeUITests.swift */,
				4655D4641F22C9BD0036DA2B /* Info.plist */,
			);
			path = "field challengeUITests";
			sourceTree = "<group>";
		};
		4655D4721F22CC270036DA2B /* Model */ = {
			isa = PBXGroup;
			children = (
				4655D4751F22CD220036DA2B /* field_observations.json */,
				4655D4771F22CE7A0036DA2B /* classification.swift */,
				4655D4791F22D1A50036DA2B /* title.swift */,
				4655D47B1F22D6FC0036DA2B /* fieldParser.swift */,
				4655D47D1F22DF320036DA2B /* loaderJSON.swift */,
			);
			path = Model;
			sourceTree = "<group>";
		};
/* End PBXGroup section */

/* Begin PBXNativeTarget section */
		4655D43B1F22C9BD0036DA2B /* field challenge */ = {
			isa = PBXNativeTarget;
			buildConfigurationList = 4655D4671F22C9BD0036DA2B /* Build configuration list for PBXNativeTarget "field challenge" */;
			buildPhases = (
				4655D4381F22C9BD0036DA2B /* Sources */,
				4655D4391F22C9BD0036DA2B /* Frameworks */,
				4655D43A1F22C9BD0036DA2B /* Resources */,
			);
			buildRules = (
			);
			dependencies = (
			);
			name = "field challenge";
			productName = "field challenge";
			productReference = 4655D43C1F22C9BD0036DA2B /* field challenge.app */;
			productType = "com.apple.product-type.application";
		};
		4655D4521F22C9BD0036DA2B /* field challengeTests */ = {
			isa = PBXNativeTarget;
			buildConfigurationList = 4655D46A1F22C9BD0036DA2B /* Build configuration list for PBXNativeTarget "field challengeTests" */;
			buildPhases = (
				4655D44F1F22C9BD0036DA2B /* Sources */,
				4655D4501F22C9BD0036DA2B /* Frameworks */,
				4655D4511F22C9BD0036DA2B /* Resources */,
			);
			buildRules = (
			);
			dependencies = (
				4655D4551F22C9BD0036DA2B /* PBXTargetDependency */,
			);
			name = "field challengeTests";
			productName = "field challengeTests";
			productReference = 4655D4531F22C9BD0036DA2B /* field challengeTests.xctest */;
			productType = "com.apple.product-type.bundle.unit-test";
		};
		4655D45D1F22C9BD0036DA2B /* field challengeUITests */ = {
			isa = PBXNativeTarget;
			buildConfigurationList = 4655D46D1F22C9BD0036DA2B /* Build configuration list for PBXNativeTarget "field challengeUITests" */;
			buildPhases = (
				4655D45A1F22C9BD0036DA2B /* Sources */,
				4655D45B1F22C9BD0036DA2B /* Frameworks */,
				4655D45C1F22C9BD0036DA2B /* Resources */,
			);
			buildRules = (
			);
			dependencies = (
				4655D4601F22C9BD0036DA2B /* PBXTargetDependency */,
			);
			name = "field challengeUITests";
			productName = "field challengeUITests";
			productReference = 4655D45E1F22C9BD0036DA2B /* field challengeUITests.xctest */;
			productType = "com.apple.product-type.bundle.ui-testing";
		};
/* End PBXNativeTarget section */

/* Begin PBXProject section */
		4655D4341F22C9BD0036DA2B /* Project object */ = {
			isa = PBXProject;
			attributes = {
				LastSwiftUpdateCheck = 0830;
				LastUpgradeCheck = 0830;
				ORGANIZATIONNAME = "Kevin Brennan";
				TargetAttributes = {
					4655D43B1F22C9BD0036DA2B = {
						CreatedOnToolsVersion = 8.3.3;
						DevelopmentTeam = 4C5L5G6LFA;
						ProvisioningStyle = Automatic;
					};
					4655D4521F22C9BD0036DA2B = {
						CreatedOnToolsVersion = 8.3.3;
						DevelopmentTeam = 4C5L5G6LFA;
						ProvisioningStyle = Automatic;
						TestTargetID = 4655D43B1F22C9BD0036DA2B;
					};
					4655D45D1F22C9BD0036DA2B = {
						CreatedOnToolsVersion = 8.3.3;
						DevelopmentTeam = 4C5L5G6LFA;
						ProvisioningStyle = Automatic;
						TestTargetID = 4655D43B1F22C9BD0036DA2B;
					};
				};
			};
			buildConfigurationList = 4655D4371F22C9BD0036DA2B /* Build configuration list for PBXProject "field challenge" */;
			compatibilityVersion = "Xcode 3.2";
			developmentRegion = English;
			hasScannedForEncodings = 0;
			knownRegions = (
				en,
				Base,
			);
			mainGroup = 4655D4331F22C9BD0036DA2B;
			productRefGroup = 4655D43D1F22C9BD0036DA2B /* Products */;
			projectDirPath = "";
			projectRoot = "";
			targets = (
				4655D43B1F22C9BD0036DA2B /* field challenge */,
				4655D4521F22C9BD0036DA2B /* field challengeTests */,
				4655D45D1F22C9BD0036DA2B /* field challengeUITests */,
			);
		};
/* End PBXProject section */

/* Begin PBXResourcesBuildPhase section */
		4655D43A1F22C9BD0036DA2B /* Resources */ = {
			isa = PBXResourcesBuildPhase;
			buildActionMask = 2147483647;
			files = (
				4655D44D1F22C9BD0036DA2B /* LaunchScreen.storyboard in Resources */,
				4655D4761F22CD220036DA2B /* field_observations.json in Resources */,
				4655D44A1F22C9BD0036DA2B /* Assets.xcassets in Resources */,
				4655D4451F22C9BD0036DA2B /* Main.storyboard in Resources */,
			);
			runOnlyForDeploymentPostprocessing = 0;
		};
		4655D4511F22C9BD0036DA2B /* Resources */ = {
			isa = PBXResourcesBuildPhase;
			buildActionMask = 2147483647;
			files = (
			);
			runOnlyForDeploymentPostprocessing = 0;
		};
		4655D45C1F22C9BD0036DA2B /* Resources */ = {
			isa = PBXResourcesBuildPhase;
			buildActionMask = 2147483647;
			files = (
			);
			runOnlyForDeploymentPostprocessing = 0;
		};
/* End PBXResourcesBuildPhase section */

/* Begin PBXSourcesBuildPhase section */
		4655D4381F22C9BD0036DA2B /* Sources */ = {
			isa = PBXSourcesBuildPhase;
			buildActionMask = 2147483647;
			files = (
				4655D47A1F22D1A50036DA2B /* title.swift in Sources */,
				4655D47E1F22DF320036DA2B /* loaderJSON.swift in Sources */,
				4655D4401F22C9BD0036DA2B /* AppDelegate.swift in Sources */,
				4655D4711F22C9E00036DA2B /* fieldViewController.swift in Sources */,
				4655D47C1F22D6FC0036DA2B /* fieldParser.swift in Sources */,
				4655D4781F22CE7A0036DA2B /* classification.swift in Sources */,
				4655D4481F22C9BD0036DA2B /* field_challenge.xcdatamodeld in Sources */,
				4655D4801F22E23F0036DA2B /* detailViewController.swift in Sources */,
			);
			runOnlyForDeploymentPostprocessing = 0;
		};
		4655D44F1F22C9BD0036DA2B /* Sources */ = {
			isa = PBXSourcesBuildPhase;
			buildActionMask = 2147483647;
			files = (
				4655D4581F22C9BD0036DA2B /* field_challengeTests.swift in Sources */,
			);
			runOnlyForDeploymentPostprocessing = 0;
		};
		4655D45A1F22C9BD0036DA2B /* Sources */ = {
			isa = PBXSourcesBuildPhase;
			buildActionMask = 2147483647;
			files = (
				4655D4631F22C9BD0036DA2B /* field_challengeUITests.swift in Sources */,
			);
			runOnlyForDeploymentPostprocessing = 0;
		};
/* End PBXSourcesBuildPhase section */

/* Begin PBXTargetDependency section */
		4655D4551F22C9BD0036DA2B /* PBXTargetDependency */ = {
			isa = PBXTargetDependency;
			target = 4655D43B1F22C9BD0036DA2B /* field challenge */;
			targetProxy = 4655D4541F22C9BD0036DA2B /* PBXContainerItemProxy */;
		};
		4655D4601F22C9BD0036DA2B /* PBXTargetDependency */ = {
			isa = PBXTargetDependency;
			target = 4655D43B1F22C9BD0036DA2B /* field challenge */;
			targetProxy = 4655D45F1F22C9BD0036DA2B /* PBXContainerItemProxy */;
		};
/* End PBXTargetDependency section */

/* Begin PBXVariantGroup section */
		4655D4431F22C9BD0036DA2B /* Main.storyboard */ = {
			isa = PBXVariantGroup;
			children = (
				4655D4441F22C9BD0036DA2B /* Base */,
			);
			name = Main.storyboard;
			sourceTree = "<group>";
		};
		4655D44B1F22C9BD0036DA2B /* LaunchScreen.storyboard */ = {
			isa = PBXVariantGroup;
			children = (
				4655D44C1F22C9BD0036DA2B /* Base */,
			);
			name = LaunchScreen.storyboard;
			sourceTree = "<group>";
		};
/* End PBXVariantGroup section */

/* Begin XCBuildConfiguration section */
		4655D4651F22C9BD0036DA2B /* Debug */ = {
			isa = XCBuildConfiguration;
			buildSettings = {
				ALWAYS_SEARCH_USER_PATHS = NO;
				CLANG_ANALYZER_NONNULL = YES;
				CLANG_ANALYZER_NUMBER_OBJECT_CONVERSION = YES_AGGRESSIVE;
				CLANG_CXX_LANGUAGE_STANDARD = "gnu++0x";
				CLANG_CXX_LIBRARY = "libc++";
				CLANG_ENABLE_MODULES = YES;
				CLANG_ENABLE_OBJC_ARC = YES;
				CLANG_WARN_BOOL_CONVERSION = YES;
				CLANG_WARN_CONSTANT_CONVERSION = YES;
				CLANG_WARN_DIRECT_OBJC_ISA_USAGE = YES_ERROR;
				CLANG_WARN_DOCUMENTATION_COMMENTS = YES;
				CLANG_WARN_EMPTY_BODY = YES;
				CLANG_WARN_ENUM_CONVERSION = YES;
				CLANG_WARN_INFINITE_RECURSION = YES;
				CLANG_WARN_INT_CONVERSION = YES;
				CLANG_WARN_OBJC_ROOT_CLASS = YES_ERROR;
				CLANG_WARN_SUSPICIOUS_MOVE = YES;
				CLANG_WARN_UNREACHABLE_CODE = YES;
				CLANG_WARN__DUPLICATE_METHOD_MATCH = YES;
				"CODE_SIGN_IDENTITY[sdk=iphoneos*]" = "iPhone Developer";
				COPY_PHASE_STRIP = NO;
				DEBUG_INFORMATION_FORMAT = dwarf;
				ENABLE_STRICT_OBJC_MSGSEND = YES;
				ENABLE_TESTABILITY = YES;
				GCC_C_LANGUAGE_STANDARD = gnu99;
				GCC_DYNAMIC_NO_PIC = NO;
				GCC_NO_COMMON_BLOCKS = YES;
				GCC_OPTIMIZATION_LEVEL = 0;
				GCC_PREPROCESSOR_DEFINITIONS = (
					"DEBUG=1",
					"$(inherited)",
				);
				GCC_WARN_64_TO_32_BIT_CONVERSION = YES;
				GCC_WARN_ABOUT_RETURN_TYPE = YES_ERROR;
				GCC_WARN_UNDECLARED_SELECTOR = YES;
				GCC_WARN_UNINITIALIZED_AUTOS = YES_AGGRESSIVE;
				GCC_WARN_UNUSED_FUNCTION = YES;
				GCC_WARN_UNUSED_VARIABLE = YES;
				IPHONEOS_DEPLOYMENT_TARGET = 10.3;
				MTL_ENABLE_DEBUG_INFO = YES;
				ONLY_ACTIVE_ARCH = YES;
				SDKROOT = iphoneos;
				SWIFT_ACTIVE_COMPILATION_CONDITIONS = DEBUG;
				SWIFT_OPTIMIZATION_LEVEL = "-Onone";
				TARGETED_DEVICE_FAMILY = "1,2";
			};
			name = Debug;
		};
		4655D4661F22C9BD0036DA2B /* Release */ = {
			isa = XCBuildConfiguration;
			buildSettings = {
				ALWAYS_SEARCH_USER_PATHS = NO;
				CLANG_ANALYZER_NONNULL = YES;
				CLANG_ANALYZER_NUMBER_OBJECT_CONVERSION = YES_AGGRESSIVE;
				CLANG_CXX_LANGUAGE_STANDARD = "gnu++0x";
				CLANG_CXX_LIBRARY = "libc++";
				CLANG_ENABLE_MODULES = YES;
				CLANG_ENABLE_OBJC_ARC = YES;
				CLANG_WARN_BOOL_CONVERSION = YES;
				CLANG_WARN_CONSTANT_CONVERSION = YES;
				CLANG_WARN_DIRECT_OBJC_ISA_USAGE = YES_ERROR;
				CLANG_WARN_DOCUMENTATION_COMMENTS = YES;
				CLANG_WARN_EMPTY_BODY = YES;
				CLANG_WARN_ENUM_CONVERSION = YES;
				CLANG_WARN_INFINITE_RECURSION = YES;
				CLANG_WARN_INT_CONVERSION = YES;
				CLANG_WARN_OBJC_ROOT_CLASS = YES_ERROR;
				CLANG_WARN_SUSPICIOUS_MOVE = YES;
				CLANG_WARN_UNREACHABLE_CODE = YES;
				CLANG_WARN__DUPLICATE_METHOD_MATCH = YES;
				"CODE_SIGN_IDENTITY[sdk=iphoneos*]" = "iPhone Developer";
				COPY_PHASE_STRIP = NO;
				DEBUG_INFORMATION_FORMAT = "dwarf-with-dsym";
				ENABLE_NS_ASSERTIONS = NO;
				ENABLE_STRICT_OBJC_MSGSEND = YES;
				GCC_C_LANGUAGE_STANDARD = gnu99;
				GCC_NO_COMMON_BLOCKS = YES;
				GCC_WARN_64_TO_32_BIT_CONVERSION = YES;
				GCC_WARN_ABOUT_RETURN_TYPE = YES_ERROR;
				GCC_WARN_UNDECLARED_SELECTOR = YES;
				GCC_WARN_UNINITIALIZED_AUTOS = YES_AGGRESSIVE;
				GCC_WARN_UNUSED_FUNCTION = YES;
				GCC_WARN_UNUSED_VARIABLE = YES;
				IPHONEOS_DEPLOYMENT_TARGET = 10.3;
				MTL_ENABLE_DEBUG_INFO = NO;
				SDKROOT = iphoneos;
				SWIFT_OPTIMIZATION_LEVEL = "-Owholemodule";
				TARGETED_DEVICE_FAMILY = "1,2";
				VALIDATE_PRODUCT = YES;
			};
			name = Release;
		};
		4655D4681F22C9BD0036DA2B /* Debug */ = {
			isa = XCBuildConfiguration;
			buildSettings = {
				ASSETCATALOG_COMPILER_APPICON_NAME = AppIcon;
				DEVELOPMENT_TEAM = 4C5L5G6LFA;
				INFOPLIST_FILE = "field challenge/Info.plist";
				LD_RUNPATH_SEARCH_PATHS = "$(inherited) @executable_path/Frameworks";
				PRODUCT_BUNDLE_IDENTIFIER = "online.techinnovator.field-challenge";
				PRODUCT_NAME = "$(TARGET_NAME)";
				SWIFT_VERSION = 3.0;
			};
			name = Debug;
		};
		4655D4691F22C9BD0036DA2B /* Release */ = {
			isa = XCBuildConfiguration;
			buildSettings = {
				ASSETCATALOG_COMPILER_APPICON_NAME = AppIcon;
				DEVELOPMENT_TEAM = 4C5L5G6LFA;
				INFOPLIST_FILE = "field challenge/Info.plist";
				LD_RUNPATH_SEARCH_PATHS = "$(inherited) @executable_path/Frameworks";
				PRODUCT_BUNDLE_IDENTIFIER = "online.techinnovator.field-challenge";
				PRODUCT_NAME = "$(TARGET_NAME)";
				SWIFT_VERSION = 3.0;
			};
			name = Release;
		};
		4655D46B1F22C9BD0036DA2B /* Debug */ = {
			isa = XCBuildConfiguration;
			buildSettings = {
				ALWAYS_EMBED_SWIFT_STANDARD_LIBRARIES = YES;
				BUNDLE_LOADER = "$(TEST_HOST)";
				DEVELOPMENT_TEAM = 4C5L5G6LFA;
				INFOPLIST_FILE = "field challengeTests/Info.plist";
				LD_RUNPATH_SEARCH_PATHS = "$(inherited) @executable_path/Frameworks @loader_path/Frameworks";
				PRODUCT_BUNDLE_IDENTIFIER = "online.techinnovator.field-challengeTests";
				PRODUCT_NAME = "$(TARGET_NAME)";
				SWIFT_VERSION = 3.0;
				TEST_HOST = "$(BUILT_PRODUCTS_DIR)/field challenge.app/field challenge";
			};
			name = Debug;
		};
		4655D46C1F22C9BD0036DA2B /* Release */ = {
			isa = XCBuildConfiguration;
			buildSettings = {
				ALWAYS_EMBED_SWIFT_STANDARD_LIBRARIES = YES;
				BUNDLE_LOADER = "$(TEST_HOST)";
				DEVELOPMENT_TEAM = 4C5L5G6LFA;
				INFOPLIST_FILE = "field challengeTests/Info.plist";
				LD_RUNPATH_SEARCH_PATHS = "$(inherited) @executable_path/Frameworks @loader_path/Frameworks";
				PRODUCT_BUNDLE_IDENTIFIER = "online.techinnovator.field-challengeTests";
				PRODUCT_NAME = "$(TARGET_NAME)";
				SWIFT_VERSION = 3.0;
				TEST_HOST = "$(BUILT_PRODUCTS_DIR)/field challenge.app/field challenge";
			};
			name = Release;
		};
		4655D46E1F22C9BD0036DA2B /* Debug */ = {
			isa = XCBuildConfiguration;
			buildSettings = {
				ALWAYS_EMBED_SWIFT_STANDARD_LIBRARIES = YES;
				DEVELOPMENT_TEAM = 4C5L5G6LFA;
				INFOPLIST_FILE = "field challengeUITests/Info.plist";
				LD_RUNPATH_SEARCH_PATHS = "$(inherited) @executable_path/Frameworks @loader_path/Frameworks";
				PRODUCT_BUNDLE_IDENTIFIER = "online.techinnovator.field-challengeUITests";
				PRODUCT_NAME = "$(TARGET_NAME)";
				SWIFT_VERSION = 3.0;
				TEST_TARGET_NAME = "field challenge";
			};
			name = Debug;
		};
		4655D46F1F22C9BD0036DA2B /* Release */ = {
			isa = XCBuildConfiguration;
			buildSettings = {
				ALWAYS_EMBED_SWIFT_STANDARD_LIBRARIES = YES;
				DEVELOPMENT_TEAM = 4C5L5G6LFA;
				INFOPLIST_FILE = "field challengeUITests/Info.plist";
				LD_RUNPATH_SEARCH_PATHS = "$(inherited) @executable_path/Frameworks @loader_path/Frameworks";
				PRODUCT_BUNDLE_IDENTIFIER = "online.techinnovator.field-challengeUITests";
				PRODUCT_NAME = "$(TARGET_NAME)";
				SWIFT_VERSION = 3.0;
				TEST_TARGET_NAME = "field challenge";
			};
			name = Release;
		};
/* End XCBuildConfiguration section */

/* Begin XCConfigurationList section */
		4655D4371F22C9BD0036DA2B /* Build configuration list for PBXProject "field challenge" */ = {
			isa = XCConfigurationList;
			buildConfigurations = (
				4655D4651F22C9BD0036DA2B /* Debug */,
				4655D4661F22C9BD0036DA2B /* Release */,
			);
			defaultConfigurationIsVisible = 0;
			defaultConfigurationName = Release;
		};
		4655D4671F22C9BD0036DA2B /* Build configuration list for PBXNativeTarget "field challenge" */ = {
			isa = XCConfigurationList;
			buildConfigurations = (
				4655D4681F22C9BD0036DA2B /* Debug */,
				4655D4691F22C9BD0036DA2B /* Release */,
			);
			defaultConfigurationIsVisible = 0;
		};
		4655D46A1F22C9BD0036DA2B /* Build configuration list for PBXNativeTarget "field challengeTests" */ = {
			isa = XCConfigurationList;
			buildConfigurations = (
				4655D46B1F22C9BD0036DA2B /* Debug */,
				4655D46C1F22C9BD0036DA2B /* Release */,
			);
			defaultConfigurationIsVisible = 0;
		};
		4655D46D1F22C9BD0036DA2B /* Build configuration list for PBXNativeTarget "field challengeUITests" */ = {
			isa = XCConfigurationList;
			buildConfigurations = (
				4655D46E1F22C9BD0036DA2B /* Debug */,
				4655D46F1F22C9BD0036DA2B /* Release */,
			);
			defaultConfigurationIsVisible = 0;
		};
/* End XCConfigurationList section */

/* Begin XCVersionGroup section */
		4655D4461F22C9BD0036DA2B /* field_challenge.xcdatamodeld */ = {
			isa = XCVersionGroup;
			children = (
				4655D4471F22C9BD0036DA2B /* field_challenge.xcdatamodel */,
			);
			currentVersion = 4655D4471F22C9BD0036DA2B /* field_challenge.xcdatamodel */;
			path = field_challenge.xcdatamodeld;
			sourceTree = "<group>";
			versionGroupType = wrapper.xcdatamodel;
		};
/* End XCVersionGroup section */
	};
	rootObject = 4655D4341F22C9BD0036DA2B /* Project object */;
}
